{
  "name": "react-dc-comics",
  "lockfileVersion": 3,
  "requires": true,
  "packages": {
    "": {
      "dependencies": {
        "@fontsource-variable/open-sans": "^5.2.7"
      }
    },
    "node_modules/@fontsource-variable/open-sans": {
      "version": "5.2.7",
      "resolved": "https://registry.npmjs.org/@fontsource-variable/open-sans/-/open-sans-5.2.7.tgz",
      "integrity": "sha512-wzCLm2STuekK9Fz58DiuBnk4GgJpvvVtAU85a4b06ACNG/UsVjQcCvkUd6R/ETlHfsaykCUZamLRvSXg4KtWuA==",
      "license": "OFL-1.1",
      "funding": {
        "url": "https://github.com/sponsors/ayuhito"
      }
    }
  }
}
